
Microsoft Visual Studio Solution File, Format Version 12.00
# Visual Studio 15
VisualStudioVersion = 15.0.28307.960
MinimumVisualStudioVersion = 10.0.40219.1
Project("{8BC9CEB8-8B4A-11D0-8D11-00A0C91BC942}") = "Lista11", "Lista11\Lista11.vcxproj", "{A601A6FA-08C6-43C9-94C8-3904479C5297}"
EndProject
Global
	GlobalSection(SolutionConfigurationPlatforms) = preSolution
		Debug|x64 = Debug|x64
		Debug|x86 = Debug|x86
		Release|x64 = Release|x64
		Release|x86 = Release|x86
	EndGlobalSection
	GlobalSection(ProjectConfigurationPlatforms) = postSolution
		{A601A6FA-08C6-43C9-94C8-3904479C5297}.Debug|x64.ActiveCfg = Debug|x64
		{A601A6FA-08C6-43C9-94C8-3904479C5297}.Debug|x64.Build.0 = Debug|x64
		{A601A6FA-08C6-43C9-94C8-3904479C5297}.Debug|x86.ActiveCfg = Debug|Win32
		{A601A6FA-08C6-43C9-94C8-3904479C5297}.Debug|x86.Build.0 = Debug|Win32
		{A601A6FA-08C6-43C9-94C8-3904479C5297}.Release|x64.ActiveCfg = Release|x64
		{A601A6FA-08C6-43C9-94C8-3904479C5297}.Release|x64.Build.0 = Release|x64
		{A601A6FA-08C6-43C9-94C8-3904479C5297}.Release|x86.ActiveCfg = Release|Win32
		{A601A6FA-08C6-43C9-94C8-3904479C5297}.Release|x86.Build.0 = Release|Win32
	EndGlobalSection
	GlobalSection(SolutionProperties) = preSolution
		HideSolutionNode = FALSE
	EndGlobalSection
	GlobalSection(ExtensibilityGlobals) = postSolution
		SolutionGuid = {7CEE6F3A-1D7D-4854-8A3F-55D0DB059661}
	EndGlobalSection
EndGlobal
