
Microsoft Visual Studio Solution File, Format Version 12.00
# Visual Studio 15
VisualStudioVersion = 15.0.28307.852
MinimumVisualStudioVersion = 10.0.40219.1
Project("{8BC9CEB8-8B4A-11D0-8D11-00A0C91BC942}") = "Lista10", "Lista10\Lista10.vcxproj", "{9A87DC2C-0B4E-405C-A075-3993D8D2A8EB}"
EndProject
Global
	GlobalSection(SolutionConfigurationPlatforms) = preSolution
		Debug|x64 = Debug|x64
		Debug|x86 = Debug|x86
		Release|x64 = Release|x64
		Release|x86 = Release|x86
	EndGlobalSection
	GlobalSection(ProjectConfigurationPlatforms) = postSolution
		{9A87DC2C-0B4E-405C-A075-3993D8D2A8EB}.Debug|x64.ActiveCfg = Debug|x64
		{9A87DC2C-0B4E-405C-A075-3993D8D2A8EB}.Debug|x64.Build.0 = Debug|x64
		{9A87DC2C-0B4E-405C-A075-3993D8D2A8EB}.Debug|x86.ActiveCfg = Debug|Win32
		{9A87DC2C-0B4E-405C-A075-3993D8D2A8EB}.Debug|x86.Build.0 = Debug|Win32
		{9A87DC2C-0B4E-405C-A075-3993D8D2A8EB}.Release|x64.ActiveCfg = Release|x64
		{9A87DC2C-0B4E-405C-A075-3993D8D2A8EB}.Release|x64.Build.0 = Release|x64
		{9A87DC2C-0B4E-405C-A075-3993D8D2A8EB}.Release|x86.ActiveCfg = Release|Win32
		{9A87DC2C-0B4E-405C-A075-3993D8D2A8EB}.Release|x86.Build.0 = Release|Win32
	EndGlobalSection
	GlobalSection(SolutionProperties) = preSolution
		HideSolutionNode = FALSE
	EndGlobalSection
	GlobalSection(ExtensibilityGlobals) = postSolution
		SolutionGuid = {8BB6EF70-A975-4C83-91C2-83EF47B51658}
	EndGlobalSection
EndGlobal
